
Microsoft Visual Studio Solution File, Format Version 12.00
# Visual Studio Version 17
VisualStudioVersion = 17.10.35201.131
MinimumVisualStudioVersion = 10.0.40219.1
Project("{FAE04EC0-301F-11D3-BF4B-00C04F79EFBC}") = "CalculatorTest", "CalculatorTest\CalculatorTest.csproj", "{DDE818D4-9126-45A7-BF6C-6FA4C9E6CD1A}"
EndProject
Project("{2150E333-8FDC-42A3-9474-1A3956D46DE8}") = "Solution Items", "Solution Items", "{6D941E52-302A-4F14-884C-287240C2D9C3}"
	ProjectSection(SolutionItems) = preProject
		.gitignore = .gitignore
	EndProjectSection
EndProject
Global
	GlobalSection(SolutionConfigurationPlatforms) = preSolution
		Debug|Any CPU = Debug|Any CPU
		Release|Any CPU = Release|Any CPU
	EndGlobalSection
	GlobalSection(ProjectConfigurationPlatforms) = postSolution
		{DDE818D4-9126-45A7-BF6C-6FA4C9E6CD1A}.Debug|Any CPU.ActiveCfg = Debug|Any CPU
		{DDE818D4-9126-45A7-BF6C-6FA4C9E6CD1A}.Debug|Any CPU.Build.0 = Debug|Any CPU
		{DDE818D4-9126-45A7-BF6C-6FA4C9E6CD1A}.Release|Any CPU.ActiveCfg = Release|Any CPU
		{DDE818D4-9126-45A7-BF6C-6FA4C9E6CD1A}.Release|Any CPU.Build.0 = Release|Any CPU
	EndGlobalSection
	GlobalSection(SolutionProperties) = preSolution
		HideSolutionNode = FALSE
	EndGlobalSection
	GlobalSection(ExtensibilityGlobals) = postSolution
		SolutionGuid = {3429D3D1-1257-4B07-86AD-EEC46CE4860D}
	EndGlobalSection
EndGlobal
